
Microsoft Visual Studio Solution File, Format Version 12.00
# Visual Studio 14
VisualStudioVersion = 14.0.25123.0
MinimumVisualStudioVersion = 10.0.40219.1
Project("{FAE04EC0-301F-11D3-BF4B-00C04F79EFBC}") = "Calculator", "Calculator\Calculator.csproj", "{8BADABB0-44D8-4075-974D-39717FF29D13}"
EndProject
Project("{FAE04EC0-301F-11D3-BF4B-00C04F79EFBC}") = "CalculatorTests", "CalculatorTests\CalculatorTests.csproj", "{CF42275A-2EE0-40D6-9F63-32E4232877C5}"
EndProject
Global
	GlobalSection(SolutionConfigurationPlatforms) = preSolution
		Debug|Any CPU = Debug|Any CPU
		Release|Any CPU = Release|Any CPU
	EndGlobalSection
	GlobalSection(ProjectConfigurationPlatforms) = postSolution
		{8BADABB0-44D8-4075-974D-39717FF29D13}.Debug|Any CPU.ActiveCfg = Debug|Any CPU
		{8BADABB0-44D8-4075-974D-39717FF29D13}.Debug|Any CPU.Build.0 = Debug|Any CPU
		{8BADABB0-44D8-4075-974D-39717FF29D13}.Release|Any CPU.ActiveCfg = Release|Any CPU
		{8BADABB0-44D8-4075-974D-39717FF29D13}.Release|Any CPU.Build.0 = Release|Any CPU
		{CF42275A-2EE0-40D6-9F63-32E4232877C5}.Debug|Any CPU.ActiveCfg = Debug|Any CPU
		{CF42275A-2EE0-40D6-9F63-32E4232877C5}.Debug|Any CPU.Build.0 = Debug|Any CPU
		{CF42275A-2EE0-40D6-9F63-32E4232877C5}.Release|Any CPU.ActiveCfg = Release|Any CPU
		{CF42275A-2EE0-40D6-9F63-32E4232877C5}.Release|Any CPU.Build.0 = Release|Any CPU
	EndGlobalSection
	GlobalSection(SolutionProperties) = preSolution
		HideSolutionNode = FALSE
	EndGlobalSection
EndGlobal
